
Microsoft Visual Studio Solution File, Format Version 12.00
# Visual Studio Version 17
VisualStudioVersion = 17.6.33723.286
MinimumVisualStudioVersion = 10.0.40219.1
Project("{9A19103F-16F7-4668-BE54-9A1E7A4F7556}") = "TranslationManagement.Api", "TranslationManagement.Api\TranslationManagement.Api.csproj", "{CF6B0818-2953-48BA-9036-3F75D92E0F13}"
EndProject
Project("{2150E333-8FDC-42A3-9474-1A3956D46DE8}") = "Solution Items", "Solution Items", "{8547FBF7-7179-421B-80BD-2E293D0807A6}"
	ProjectSection(SolutionItems) = preProject
		.dockerignore = .dockerignore
		TranslationManagement.Api\Dockerfile = TranslationManagement.Api\Dockerfile
		readme.md = readme.md
	EndProjectSection
EndProject
Project("{9A19103F-16F7-4668-BE54-9A1E7A4F7556}") = "External.ThirdParty.Services", "External.ThirdParty.Services\External.ThirdParty.Services.csproj", "{173F3433-4139-404D-A843-BAF43F6164FA}"
EndProject
Project("{2150E333-8FDC-42A3-9474-1A3956D46DE8}") = "SampleData", "SampleData", "{B01CF39A-A9B6-468F-9BC6-06D418302340}"
	ProjectSection(SolutionItems) = preProject
		job.txt = job.txt
		job.xml = job.xml
	EndProjectSection
EndProject
Project("{2150E333-8FDC-42A3-9474-1A3956D46DE8}") = "99. Tests", "99. Tests", "{BEA4BD54-6871-40D4-9CB3-9D02874DB402}"
EndProject
Project("{2150E333-8FDC-42A3-9474-1A3956D46DE8}") = "01. Common", "01. Common", "{B50B6504-FBED-4580-88C6-ABA26FD5BBC3}"
EndProject
Project("{2150E333-8FDC-42A3-9474-1A3956D46DE8}") = "02. Application", "02. Application", "{8440F3C5-0B6C-4101-B020-799CB7BC72CC}"
EndProject
Project("{2150E333-8FDC-42A3-9474-1A3956D46DE8}") = "03. DAL", "03. DAL", "{8805327F-6892-4B13-A5C8-B1B7D04F9775}"
EndProject
Project("{2150E333-8FDC-42A3-9474-1A3956D46DE8}") = "04. Domain", "04. Domain", "{159257FE-E447-4FEB-9A76-439E922C0258}"
EndProject
Project("{2150E333-8FDC-42A3-9474-1A3956D46DE8}") = "09. Clients", "09. Clients", "{B1C278F4-9B6D-45F5-8544-C07BA229962B}"
EndProject
Project("{9A19103F-16F7-4668-BE54-9A1E7A4F7556}") = "Domain", "Domain\Domain.csproj", "{09960CD1-2DAF-4BC4-98D1-A413865A38C3}"
EndProject
Project("{9A19103F-16F7-4668-BE54-9A1E7A4F7556}") = "DataAccess", "DataAccess\DataAccess.csproj", "{C39BD852-806F-409C-8CBC-0F632E6F882D}"
EndProject
Project("{9A19103F-16F7-4668-BE54-9A1E7A4F7556}") = "Application", "Application\Application.csproj", "{AD9A1C6C-1E95-4328-90C4-EB4002A7ED64}"
EndProject
Project("{FAE04EC0-301F-11D3-BF4B-00C04F79EFBC}") = "Common", "Common\Common.csproj", "{2EFF3ED8-8266-4BD2-B885-B5A2AAB88C04}"
EndProject
Global
	GlobalSection(SolutionConfigurationPlatforms) = preSolution
		Debug|Any CPU = Debug|Any CPU
		Release|Any CPU = Release|Any CPU
	EndGlobalSection
	GlobalSection(ProjectConfigurationPlatforms) = postSolution
		{CF6B0818-2953-48BA-9036-3F75D92E0F13}.Debug|Any CPU.ActiveCfg = Debug|Any CPU
		{CF6B0818-2953-48BA-9036-3F75D92E0F13}.Debug|Any CPU.Build.0 = Debug|Any CPU
		{CF6B0818-2953-48BA-9036-3F75D92E0F13}.Release|Any CPU.ActiveCfg = Release|Any CPU
		{CF6B0818-2953-48BA-9036-3F75D92E0F13}.Release|Any CPU.Build.0 = Release|Any CPU
		{173F3433-4139-404D-A843-BAF43F6164FA}.Debug|Any CPU.ActiveCfg = Debug|Any CPU
		{173F3433-4139-404D-A843-BAF43F6164FA}.Debug|Any CPU.Build.0 = Debug|Any CPU
		{173F3433-4139-404D-A843-BAF43F6164FA}.Release|Any CPU.ActiveCfg = Release|Any CPU
		{173F3433-4139-404D-A843-BAF43F6164FA}.Release|Any CPU.Build.0 = Release|Any CPU
		{09960CD1-2DAF-4BC4-98D1-A413865A38C3}.Debug|Any CPU.ActiveCfg = Debug|Any CPU
		{09960CD1-2DAF-4BC4-98D1-A413865A38C3}.Debug|Any CPU.Build.0 = Debug|Any CPU
		{09960CD1-2DAF-4BC4-98D1-A413865A38C3}.Release|Any CPU.ActiveCfg = Release|Any CPU
		{09960CD1-2DAF-4BC4-98D1-A413865A38C3}.Release|Any CPU.Build.0 = Release|Any CPU
		{C39BD852-806F-409C-8CBC-0F632E6F882D}.Debug|Any CPU.ActiveCfg = Debug|Any CPU
		{C39BD852-806F-409C-8CBC-0F632E6F882D}.Debug|Any CPU.Build.0 = Debug|Any CPU
		{C39BD852-806F-409C-8CBC-0F632E6F882D}.Release|Any CPU.ActiveCfg = Release|Any CPU
		{C39BD852-806F-409C-8CBC-0F632E6F882D}.Release|Any CPU.Build.0 = Release|Any CPU
		{AD9A1C6C-1E95-4328-90C4-EB4002A7ED64}.Debug|Any CPU.ActiveCfg = Debug|Any CPU
		{AD9A1C6C-1E95-4328-90C4-EB4002A7ED64}.Debug|Any CPU.Build.0 = Debug|Any CPU
		{AD9A1C6C-1E95-4328-90C4-EB4002A7ED64}.Release|Any CPU.ActiveCfg = Release|Any CPU
		{AD9A1C6C-1E95-4328-90C4-EB4002A7ED64}.Release|Any CPU.Build.0 = Release|Any CPU
		{2EFF3ED8-8266-4BD2-B885-B5A2AAB88C04}.Debug|Any CPU.ActiveCfg = Debug|Any CPU
		{2EFF3ED8-8266-4BD2-B885-B5A2AAB88C04}.Debug|Any CPU.Build.0 = Debug|Any CPU
		{2EFF3ED8-8266-4BD2-B885-B5A2AAB88C04}.Release|Any CPU.ActiveCfg = Release|Any CPU
		{2EFF3ED8-8266-4BD2-B885-B5A2AAB88C04}.Release|Any CPU.Build.0 = Release|Any CPU
	EndGlobalSection
	GlobalSection(SolutionProperties) = preSolution
		HideSolutionNode = FALSE
	EndGlobalSection
	GlobalSection(NestedProjects) = preSolution
		{CF6B0818-2953-48BA-9036-3F75D92E0F13} = {B1C278F4-9B6D-45F5-8544-C07BA229962B}
		{8547FBF7-7179-421B-80BD-2E293D0807A6} = {B50B6504-FBED-4580-88C6-ABA26FD5BBC3}
		{173F3433-4139-404D-A843-BAF43F6164FA} = {B50B6504-FBED-4580-88C6-ABA26FD5BBC3}
		{B01CF39A-A9B6-468F-9BC6-06D418302340} = {B50B6504-FBED-4580-88C6-ABA26FD5BBC3}
		{09960CD1-2DAF-4BC4-98D1-A413865A38C3} = {159257FE-E447-4FEB-9A76-439E922C0258}
		{C39BD852-806F-409C-8CBC-0F632E6F882D} = {8805327F-6892-4B13-A5C8-B1B7D04F9775}
		{AD9A1C6C-1E95-4328-90C4-EB4002A7ED64} = {8440F3C5-0B6C-4101-B020-799CB7BC72CC}
		{2EFF3ED8-8266-4BD2-B885-B5A2AAB88C04} = {B50B6504-FBED-4580-88C6-ABA26FD5BBC3}
	EndGlobalSection
	GlobalSection(ExtensibilityGlobals) = postSolution
		SolutionGuid = {821E39E6-0BB8-498C-9510-D913968AA6FF}
	EndGlobalSection
EndGlobal
